// !$*UTF8*$!
{
	archiveVersion = 1;
	classes = {
	};
	objectVersion = 46;
	objects = {

/* Begin PBXBuildFile section */
		A62457D91C790FE9003536E8 /* AppDelegate.swift in Sources */ = {isa = PBXBuildFile; fileRef = A62457D81C790FE9003536E8 /* AppDelegate.swift */; };
		A62457DB1C790FE9003536E8 /* ViewController.swift in Sources */ = {isa = PBXBuildFile; fileRef = A62457DA1C790FE9003536E8 /* ViewController.swift */; };
		A62457DE1C790FE9003536E8 /* Main.storyboard in Resources */ = {isa = PBXBuildFile; fileRef = A62457DC1C790FE9003536E8 /* Main.storyboard */; };
		A62457E01C790FE9003536E8 /* Assets.xcassets in Resources */ = {isa = PBXBuildFile; fileRef = A62457DF1C790FE9003536E8 /* Assets.xcassets */; };
		A62457E31C790FE9003536E8 /* LaunchScreen.storyboard in Resources */ = {isa = PBXBuildFile; fileRef = A62457E11C790FE9003536E8 /* LaunchScreen.storyboard */; };
		A62457EE1C790FE9003536E8 /* my_hood_test_appTests.swift in Sources */ = {isa = PBXBuildFile; fileRef = A62457ED1C790FE9003536E8 /* my_hood_test_appTests.swift */; };
		A62457FA1C791085003536E8 /* Post.swift in Sources */ = {isa = PBXBuildFile; fileRef = A62457F91C791085003536E8 /* Post.swift */; };
		A62457FF1C79189D003536E8 /* PostCell.swift in Sources */ = {isa = PBXBuildFile; fileRef = A62457FE1C79189D003536E8 /* PostCell.swift */; };
/* End PBXBuildFile section */

/* Begin PBXContainerItemProxy section */
		A62457EA1C790FE9003536E8 /* PBXContainerItemProxy */ = {
			isa = PBXContainerItemProxy;
			containerPortal = A62457CD1C790FE9003536E8 /* Project object */;
			proxyType = 1;
			remoteGlobalIDString = A62457D41C790FE9003536E8;
			remoteInfo = "my-hood-test-app";
		};
/* End PBXContainerItemProxy section */

/* Begin PBXFileReference section */
		A62457D51C790FE9003536E8 /* my-hood-test-app.app */ = {isa = PBXFileReference; explicitFileType = wrapper.application; includeInIndex = 0; path = "my-hood-test-app.app"; sourceTree = BUILT_PRODUCTS_DIR; };
		A62457D81C790FE9003536E8 /* AppDelegate.swift */ = {isa = PBXFileReference; lastKnownFileType = sourcecode.swift; path = AppDelegate.swift; sourceTree = "<group>"; };
		A62457DA1C790FE9003536E8 /* ViewController.swift */ = {isa = PBXFileReference; lastKnownFileType = sourcecode.swift; path = ViewController.swift; sourceTree = "<group>"; };
		A62457DD1C790FE9003536E8 /* Base */ = {isa = PBXFileReference; lastKnownFileType = file.storyboard; name = Base; path = Base.lproj/Main.storyboard; sourceTree = "<group>"; };
		A62457DF1C790FE9003536E8 /* Assets.xcassets */ = {isa = PBXFileReference; lastKnownFileType = folder.assetcatalog; path = Assets.xcassets; sourceTree = "<group>"; };
		A62457E21C790FE9003536E8 /* Base */ = {isa = PBXFileReference; lastKnownFileType = file.storyboard; name = Base; path = Base.lproj/LaunchScreen.storyboard; sourceTree = "<group>"; };
		A62457E41C790FE9003536E8 /* Info.plist */ = {isa = PBXFileReference; lastKnownFileType = text.plist.xml; path = Info.plist; sourceTree = "<group>"; };
		A62457E91C790FE9003536E8 /* my-hood-test-appTests.xctest */ = {isa = PBXFileReference; explicitFileType = wrapper.cfbundle; includeInIndex = 0; path = "my-hood-test-appTests.xctest"; sourceTree = BUILT_PRODUCTS_DIR; };
		A62457ED1C790FE9003536E8 /* my_hood_test_appTests.swift */ = {isa = PBXFileReference; lastKnownFileType = sourcecode.swift; path = my_hood_test_appTests.swift; sourceTree = "<group>"; };
		A62457EF1C790FE9003536E8 /* Info.plist */ = {isa = PBXFileReference; lastKnownFileType = text.plist.xml; path = Info.plist; sourceTree = "<group>"; };
		A62457F91C791085003536E8 /* Post.swift */ = {isa = PBXFileReference; fileEncoding = 4; lastKnownFileType = sourcecode.swift; path = Post.swift; sourceTree = "<group>"; };
		A62457FE1C79189D003536E8 /* PostCell.swift */ = {isa = PBXFileReference; fileEncoding = 4; lastKnownFileType = sourcecode.swift; path = PostCell.swift; sourceTree = "<group>"; };
/* End PBXFileReference section */

/* Begin PBXFrameworksBuildPhase section */
		A62457D21C790FE9003536E8 /* Frameworks */ = {
			isa = PBXFrameworksBuildPhase;
			buildActionMask = 2147483647;
			files = (
			);
			runOnlyForDeploymentPostprocessing = 0;
		};
		A62457E61C790FE9003536E8 /* Frameworks */ = {
			isa = PBXFrameworksBuildPhase;
			buildActionMask = 2147483647;
			files = (
			);
			runOnlyForDeploymentPostprocessing = 0;
		};
/* End PBXFrameworksBuildPhase section */

/* Begin PBXGroup section */
		A62457CC1C790FE9003536E8 = {
			isa = PBXGroup;
			children = (
				A62457D71C790FE9003536E8 /* my-hood-test-app */,
				A62457EC1C790FE9003536E8 /* my-hood-test-appTests */,
				A62457D61C790FE9003536E8 /* Products */,
			);
			sourceTree = "<group>";
		};
		A62457D61C790FE9003536E8 /* Products */ = {
			isa = PBXGroup;
			children = (
				A62457D51C790FE9003536E8 /* my-hood-test-app.app */,
				A62457E91C790FE9003536E8 /* my-hood-test-appTests.xctest */,
			);
			name = Products;
			sourceTree = "<group>";
		};
		A62457D71C790FE9003536E8 /* my-hood-test-app */ = {
			isa = PBXGroup;
			children = (
				A62457F81C791075003536E8 /* Model */,
				A62457FB1C791832003536E8 /* View */,
				A62457D81C790FE9003536E8 /* AppDelegate.swift */,
				A62457DA1C790FE9003536E8 /* ViewController.swift */,
				A62457DC1C790FE9003536E8 /* Main.storyboard */,
				A62457DF1C790FE9003536E8 /* Assets.xcassets */,
				A62457E11C790FE9003536E8 /* LaunchScreen.storyboard */,
				A62457E41C790FE9003536E8 /* Info.plist */,
			);
			path = "my-hood-test-app";
			sourceTree = "<group>";
		};
		A62457EC1C790FE9003536E8 /* my-hood-test-appTests */ = {
			isa = PBXGroup;
			children = (
				A62457ED1C790FE9003536E8 /* my_hood_test_appTests.swift */,
				A62457EF1C790FE9003536E8 /* Info.plist */,
			);
			path = "my-hood-test-appTests";
			sourceTree = "<group>";
		};
		A62457F81C791075003536E8 /* Model */ = {
			isa = PBXGroup;
			children = (
				A62457F91C791085003536E8 /* Post.swift */,
			);
			name = Model;
			sourceTree = "<group>";
		};
		A62457FB1C791832003536E8 /* View */ = {
			isa = PBXGroup;
			children = (
				A62457FE1C79189D003536E8 /* PostCell.swift */,
			);
			name = View;
			sourceTree = "<group>";
		};
/* End PBXGroup section */

/* Begin PBXNativeTarget section */
		A62457D41C790FE9003536E8 /* my-hood-test-app */ = {
			isa = PBXNativeTarget;
			buildConfigurationList = A62457F21C790FE9003536E8 /* Build configuration list for PBXNativeTarget "my-hood-test-app" */;
			buildPhases = (
				A62457D11C790FE9003536E8 /* Sources */,
				A62457D21C790FE9003536E8 /* Frameworks */,
				A62457D31C790FE9003536E8 /* Resources */,
			);
			buildRules = (
			);
			dependencies = (
			);
			name = "my-hood-test-app";
			productName = "my-hood-test-app";
			productReference = A62457D51C790FE9003536E8 /* my-hood-test-app.app */;
			productType = "com.apple.product-type.application";
		};
		A62457E81C790FE9003536E8 /* my-hood-test-appTests */ = {
			isa = PBXNativeTarget;
			buildConfigurationList = A62457F51C790FE9003536E8 /* Build configuration list for PBXNativeTarget "my-hood-test-appTests" */;
			buildPhases = (
				A62457E51C790FE9003536E8 /* Sources */,
				A62457E61C790FE9003536E8 /* Frameworks */,
				A62457E71C790FE9003536E8 /* Resources */,
			);
			buildRules = (
			);
			dependencies = (
				A62457EB1C790FE9003536E8 /* PBXTargetDependency */,
			);
			name = "my-hood-test-appTests";
			productName = "my-hood-test-appTests";
			productReference = A62457E91C790FE9003536E8 /* my-hood-test-appTests.xctest */;
			productType = "com.apple.product-type.bundle.unit-test";
		};
/* End PBXNativeTarget section */

/* Begin PBXProject section */
		A62457CD1C790FE9003536E8 /* Project object */ = {
			isa = PBXProject;
			attributes = {
				LastSwiftUpdateCheck = 0720;
				LastUpgradeCheck = 0720;
				ORGANIZATIONNAME = "Eric Klose";
				TargetAttributes = {
					A62457D41C790FE9003536E8 = {
						CreatedOnToolsVersion = 7.2.1;
						DevelopmentTeam = W7W8PTYZHX;
					};
					A62457E81C790FE9003536E8 = {
						CreatedOnToolsVersion = 7.2.1;
						DevelopmentTeam = W7W8PTYZHX;
						TestTargetID = A62457D41C790FE9003536E8;
					};
				};
			};
			buildConfigurationList = A62457D01C790FE9003536E8 /* Build configuration list for PBXProject "my-hood-test-app" */;
			compatibilityVersion = "Xcode 3.2";
			developmentRegion = English;
			hasScannedForEncodings = 0;
			knownRegions = (
				en,
				Base,
			);
			mainGroup = A62457CC1C790FE9003536E8;
			productRefGroup = A62457D61C790FE9003536E8 /* Products */;
			projectDirPath = "";
			projectRoot = "";
			targets = (
				A62457D41C790FE9003536E8 /* my-hood-test-app */,
				A62457E81C790FE9003536E8 /* my-hood-test-appTests */,
			);
		};
/* End PBXProject section */

/* Begin PBXResourcesBuildPhase section */
		A62457D31C790FE9003536E8 /* Resources */ = {
			isa = PBXResourcesBuildPhase;
			buildActionMask = 2147483647;
			files = (
				A62457E31C790FE9003536E8 /* LaunchScreen.storyboard in Resources */,
				A62457E01C790FE9003536E8 /* Assets.xcassets in Resources */,
				A62457DE1C790FE9003536E8 /* Main.storyboard in Resources */,
			);
			runOnlyForDeploymentPostprocessing = 0;
		};
		A62457E71C790FE9003536E8 /* Resources */ = {
			isa = PBXResourcesBuildPhase;
			buildActionMask = 2147483647;
			files = (
			);
			runOnlyForDeploymentPostprocessing = 0;
		};
/* End PBXResourcesBuildPhase section */

/* Begin PBXSourcesBuildPhase section */
		A62457D11C790FE9003536E8 /* Sources */ = {
			isa = PBXSourcesBuildPhase;
			buildActionMask = 2147483647;
			files = (
				A62457FA1C791085003536E8 /* Post.swift in Sources */,
				A62457DB1C790FE9003536E8 /* ViewController.swift in Sources */,
				A62457D91C790FE9003536E8 /* AppDelegate.swift in Sources */,
				A62457FF1C79189D003536E8 /* PostCell.swift in Sources */,
			);
			runOnlyForDeploymentPostprocessing = 0;
		};
		A62457E51C790FE9003536E8 /* Sources */ = {
			isa = PBXSourcesBuildPhase;
			buildActionMask = 2147483647;
			files = (
				A62457EE1C790FE9003536E8 /* my_hood_test_appTests.swift in Sources */,
			);
			runOnlyForDeploymentPostprocessing = 0;
		};
/* End PBXSourcesBuildPhase section */

/* Begin PBXTargetDependency section */
		A62457EB1C790FE9003536E8 /* PBXTargetDependency */ = {
			isa = PBXTargetDependency;
			target = A62457D41C790FE9003536E8 /* my-hood-test-app */;
			targetProxy = A62457EA1C790FE9003536E8 /* PBXContainerItemProxy */;
		};
/* End PBXTargetDependency section */

/* Begin PBXVariantGroup section */
		A62457DC1C790FE9003536E8 /* Main.storyboard */ = {
			isa = PBXVariantGroup;
			children = (
				A62457DD1C790FE9003536E8 /* Base */,
			);
			name = Main.storyboard;
			sourceTree = "<group>";
		};
		A62457E11C790FE9003536E8 /* LaunchScreen.storyboard */ = {
			isa = PBXVariantGroup;
			children = (
				A62457E21C790FE9003536E8 /* Base */,
			);
			name = LaunchScreen.storyboard;
			sourceTree = "<group>";
		};
/* End PBXVariantGroup section */

/* Begin XCBuildConfiguration section */
		A62457F01C790FE9003536E8 /* Debug */ = {
			isa = XCBuildConfiguration;
			buildSettings = {
				ALWAYS_SEARCH_USER_PATHS = NO;
				CLANG_CXX_LANGUAGE_STANDARD = "gnu++0x";
				CLANG_CXX_LIBRARY = "libc++";
				CLANG_ENABLE_MODULES = YES;
				CLANG_ENABLE_OBJC_ARC = YES;
				CLANG_WARN_BOOL_CONVERSION = YES;
				CLANG_WARN_CONSTANT_CONVERSION = YES;
				CLANG_WARN_DIRECT_OBJC_ISA_USAGE = YES_ERROR;
				CLANG_WARN_EMPTY_BODY = YES;
				CLANG_WARN_ENUM_CONVERSION = YES;
				CLANG_WARN_INT_CONVERSION = YES;
				CLANG_WARN_OBJC_ROOT_CLASS = YES_ERROR;
				CLANG_WARN_UNREACHABLE_CODE = YES;
				CLANG_WARN__DUPLICATE_METHOD_MATCH = YES;
				"CODE_SIGN_IDENTITY[sdk=iphoneos*]" = "iPhone Developer";
				COPY_PHASE_STRIP = NO;
				DEBUG_INFORMATION_FORMAT = dwarf;
				ENABLE_STRICT_OBJC_MSGSEND = YES;
				ENABLE_TESTABILITY = YES;
				GCC_C_LANGUAGE_STANDARD = gnu99;
				GCC_DYNAMIC_NO_PIC = NO;
				GCC_NO_COMMON_BLOCKS = YES;
				GCC_OPTIMIZATION_LEVEL = 0;
				GCC_PREPROCESSOR_DEFINITIONS = (
					"DEBUG=1",
					"$(inherited)",
				);
				GCC_WARN_64_TO_32_BIT_CONVERSION = YES;
				GCC_WARN_ABOUT_RETURN_TYPE = YES_ERROR;
				GCC_WARN_UNDECLARED_SELECTOR = YES;
				GCC_WARN_UNINITIALIZED_AUTOS = YES_AGGRESSIVE;
				GCC_WARN_UNUSED_FUNCTION = YES;
				GCC_WARN_UNUSED_VARIABLE = YES;
				IPHONEOS_DEPLOYMENT_TARGET = 9.2;
				MTL_ENABLE_DEBUG_INFO = YES;
				ONLY_ACTIVE_ARCH = YES;
				SDKROOT = iphoneos;
				SWIFT_OPTIMIZATION_LEVEL = "-Onone";
				TARGETED_DEVICE_FAMILY = "1,2";
			};
			name = Debug;
		};
		A62457F11C790FE9003536E8 /* Release */ = {
			isa = XCBuildConfiguration;
			buildSettings = {
				ALWAYS_SEARCH_USER_PATHS = NO;
				CLANG_CXX_LANGUAGE_STANDARD = "gnu++0x";
				CLANG_CXX_LIBRARY = "libc++";
				CLANG_ENABLE_MODULES = YES;
				CLANG_ENABLE_OBJC_ARC = YES;
				CLANG_WARN_BOOL_CONVERSION = YES;
				CLANG_WARN_CONSTANT_CONVERSION = YES;
				CLANG_WARN_DIRECT_OBJC_ISA_USAGE = YES_ERROR;
				CLANG_WARN_EMPTY_BODY = YES;
				CLANG_WARN_ENUM_CONVERSION = YES;
				CLANG_WARN_INT_CONVERSION = YES;
				CLANG_WARN_OBJC_ROOT_CLASS = YES_ERROR;
				CLANG_WARN_UNREACHABLE_CODE = YES;
				CLANG_WARN__DUPLICATE_METHOD_MATCH = YES;
				"CODE_SIGN_IDENTITY[sdk=iphoneos*]" = "iPhone Developer";
				COPY_PHASE_STRIP = NO;
				DEBUG_INFORMATION_FORMAT = "dwarf-with-dsym";
				ENABLE_NS_ASSERTIONS = NO;
				ENABLE_STRICT_OBJC_MSGSEND = YES;
				GCC_C_LANGUAGE_STANDARD = gnu99;
				GCC_NO_COMMON_BLOCKS = YES;
				GCC_WARN_64_TO_32_BIT_CONVERSION = YES;
				GCC_WARN_ABOUT_RETURN_TYPE = YES_ERROR;
				GCC_WARN_UNDECLARED_SELECTOR = YES;
				GCC_WARN_UNINITIALIZED_AUTOS = YES_AGGRESSIVE;
				GCC_WARN_UNUSED_FUNCTION = YES;
				GCC_WARN_UNUSED_VARIABLE = YES;
				IPHONEOS_DEPLOYMENT_TARGET = 9.2;
				MTL_ENABLE_DEBUG_INFO = NO;
				SDKROOT = iphoneos;
				TARGETED_DEVICE_FAMILY = "1,2";
				VALIDATE_PRODUCT = YES;
			};
			name = Release;
		};
		A62457F31C790FE9003536E8 /* Debug */ = {
			isa = XCBuildConfiguration;
			buildSettings = {
				ASSETCATALOG_COMPILER_APPICON_NAME = AppIcon;
				INFOPLIST_FILE = "my-hood-test-app/Info.plist";
				LD_RUNPATH_SEARCH_PATHS = "$(inherited) @executable_path/Frameworks";
				PRODUCT_BUNDLE_IDENTIFIER = "com.example.my-hood-test-app";
				PRODUCT_NAME = "$(TARGET_NAME)";
			};
			name = Debug;
		};
		A62457F41C790FE9003536E8 /* Release */ = {
			isa = XCBuildConfiguration;
			buildSettings = {
				ASSETCATALOG_COMPILER_APPICON_NAME = AppIcon;
				INFOPLIST_FILE = "my-hood-test-app/Info.plist";
				LD_RUNPATH_SEARCH_PATHS = "$(inherited) @executable_path/Frameworks";
				PRODUCT_BUNDLE_IDENTIFIER = "com.example.my-hood-test-app";
				PRODUCT_NAME = "$(TARGET_NAME)";
			};
			name = Release;
		};
		A62457F61C790FE9003536E8 /* Debug */ = {
			isa = XCBuildConfiguration;
			buildSettings = {
				BUNDLE_LOADER = "$(TEST_HOST)";
				INFOPLIST_FILE = "my-hood-test-appTests/Info.plist";
				LD_RUNPATH_SEARCH_PATHS = "$(inherited) @executable_path/Frameworks @loader_path/Frameworks";
				PRODUCT_BUNDLE_IDENTIFIER = "com.example.my-hood-test-appTests";
				PRODUCT_NAME = "$(TARGET_NAME)";
				TEST_HOST = "$(BUILT_PRODUCTS_DIR)/my-hood-test-app.app/my-hood-test-app";
			};
			name = Debug;
		};
		A62457F71C790FE9003536E8 /* Release */ = {
			isa = XCBuildConfiguration;
			buildSettings = {
				BUNDLE_LOADER = "$(TEST_HOST)";
				INFOPLIST_FILE = "my-hood-test-appTests/Info.plist";
				LD_RUNPATH_SEARCH_PATHS = "$(inherited) @executable_path/Frameworks @loader_path/Frameworks";
				PRODUCT_BUNDLE_IDENTIFIER = "com.example.my-hood-test-appTests";
				PRODUCT_NAME = "$(TARGET_NAME)";
				TEST_HOST = "$(BUILT_PRODUCTS_DIR)/my-hood-test-app.app/my-hood-test-app";
			};
			name = Release;
		};
/* End XCBuildConfiguration section */

/* Begin XCConfigurationList section */
		A62457D01C790FE9003536E8 /* Build configuration list for PBXProject "my-hood-test-app" */ = {
			isa = XCConfigurationList;
			buildConfigurations = (
				A62457F01C790FE9003536E8 /* Debug */,
				A62457F11C790FE9003536E8 /* Release */,
			);
			defaultConfigurationIsVisible = 0;
			defaultConfigurationName = Release;
		};
		A62457F21C790FE9003536E8 /* Build configuration list for PBXNativeTarget "my-hood-test-app" */ = {
			isa = XCConfigurationList;
			buildConfigurations = (
				A62457F31C790FE9003536E8 /* Debug */,
				A62457F41C790FE9003536E8 /* Release */,
			);
			defaultConfigurationIsVisible = 0;
		};
		A62457F51C790FE9003536E8 /* Build configuration list for PBXNativeTarget "my-hood-test-appTests" */ = {
			isa = XCConfigurationList;
			buildConfigurations = (
				A62457F61C790FE9003536E8 /* Debug */,
				A62457F71C790FE9003536E8 /* Release */,
			);
			defaultConfigurationIsVisible = 0;
		};
/* End XCConfigurationList section */
	};
	rootObject = A62457CD1C790FE9003536E8 /* Project object */;
}
